// !$*UTF8*$!
{
	archiveVersion = 1;
	classes = {
	};
	objectVersion = 56;
	objects = {

/* Begin PBXBuildFile section */
		9A78924B2B4B8C7000A58A70 /* EVALabelApp.swift in Sources */ = {isa = PBXBuildFile; fileRef = 9A78924A2B4B8C7000A58A70 /* EVALabelApp.swift */; };
		9A78924D2B4B8C7000A58A70 /* IntroView.swift in Sources */ = {isa = PBXBuildFile; fileRef = 9A78924C2B4B8C7000A58A70 /* IntroView.swift */; };
		9A78924F2B4B8C7300A58A70 /* Assets.xcassets in Resources */ = {isa = PBXBuildFile; fileRef = 9A78924E2B4B8C7300A58A70 /* Assets.xcassets */; };
		9A7892522B4B8C7300A58A70 /* Preview Assets.xcassets in Resources */ = {isa = PBXBuildFile; fileRef = 9A7892512B4B8C7300A58A70 /* Preview Assets.xcassets */; };
		9A7BBF352B510DE200AA3A44 /* README.md in Resources */ = {isa = PBXBuildFile; fileRef = 9A7BBF342B510DE200AA3A44 /* README.md */; };
		9A7BBF392B54DF0100AA3A44 /* LuminanceTestView.swift in Sources */ = {isa = PBXBuildFile; fileRef = 9A7BBF382B54DF0100AA3A44 /* LuminanceTestView.swift */; };
		9A7BBF3D2B55007B00AA3A44 /* CameraViewModel.swift in Sources */ = {isa = PBXBuildFile; fileRef = 9A7BBF3C2B55007B00AA3A44 /* CameraViewModel.swift */; };
		9A7BBF3F2B550B0800AA3A44 /* CameraPreviewView.swift in Sources */ = {isa = PBXBuildFile; fileRef = 9A7BBF3E2B550B0800AA3A44 /* CameraPreviewView.swift */; };
		9A7BBF412B55215D00AA3A44 /* Camera.swift in Sources */ = {isa = PBXBuildFile; fileRef = 9A7BBF402B55215D00AA3A44 /* Camera.swift */; };
		9ACF82F42B6220D800B2B2D8 /* hazards.csv in Resources */ = {isa = PBXBuildFile; fileRef = 9ACF82F32B6220D800B2B2D8 /* hazards.csv */; };
		9AD766AC2B4F7C7300AEE275 /* ProfileView.swift in Sources */ = {isa = PBXBuildFile; fileRef = 9AD766AB2B4F7C7300AEE275 /* ProfileView.swift */; };
/* End PBXBuildFile section */

/* Begin PBXFileReference section */
		9A7892472B4B8C7000A58A70 /* EVALabel.app */ = {isa = PBXFileReference; explicitFileType = wrapper.application; includeInIndex = 0; path = EVALabel.app; sourceTree = BUILT_PRODUCTS_DIR; };
		9A78924A2B4B8C7000A58A70 /* EVALabelApp.swift */ = {isa = PBXFileReference; lastKnownFileType = sourcecode.swift; path = EVALabelApp.swift; sourceTree = "<group>"; };
		9A78924C2B4B8C7000A58A70 /* IntroView.swift */ = {isa = PBXFileReference; lastKnownFileType = sourcecode.swift; path = IntroView.swift; sourceTree = "<group>"; };
		9A78924E2B4B8C7300A58A70 /* Assets.xcassets */ = {isa = PBXFileReference; lastKnownFileType = folder.assetcatalog; path = Assets.xcassets; sourceTree = "<group>"; };
		9A7892512B4B8C7300A58A70 /* Preview Assets.xcassets */ = {isa = PBXFileReference; lastKnownFileType = folder.assetcatalog; path = "Preview Assets.xcassets"; sourceTree = "<group>"; };
		9A7BBF342B510DE200AA3A44 /* README.md */ = {isa = PBXFileReference; lastKnownFileType = net.daringfireball.markdown; path = README.md; sourceTree = "<group>"; };
		9A7BBF382B54DF0100AA3A44 /* LuminanceTestView.swift */ = {isa = PBXFileReference; lastKnownFileType = sourcecode.swift; path = LuminanceTestView.swift; sourceTree = "<group>"; };
		9A7BBF3C2B55007B00AA3A44 /* CameraViewModel.swift */ = {isa = PBXFileReference; lastKnownFileType = sourcecode.swift; path = CameraViewModel.swift; sourceTree = "<group>"; };
		9A7BBF3E2B550B0800AA3A44 /* CameraPreviewView.swift */ = {isa = PBXFileReference; lastKnownFileType = sourcecode.swift; path = CameraPreviewView.swift; sourceTree = "<group>"; };
		9A7BBF402B55215D00AA3A44 /* Camera.swift */ = {isa = PBXFileReference; lastKnownFileType = sourcecode.swift; path = Camera.swift; sourceTree = "<group>"; };
		9AA6B22E2B59080000DC8F96 /* Info.plist */ = {isa = PBXFileReference; lastKnownFileType = text.plist; path = Info.plist; sourceTree = "<group>"; };
		9ACF82F32B6220D800B2B2D8 /* hazards.csv */ = {isa = PBXFileReference; fileEncoding = 4; lastKnownFileType = text; path = hazards.csv; sourceTree = "<group>"; };
		9AD766AB2B4F7C7300AEE275 /* ProfileView.swift */ = {isa = PBXFileReference; lastKnownFileType = sourcecode.swift; path = ProfileView.swift; sourceTree = "<group>"; };
/* End PBXFileReference section */

/* Begin PBXFrameworksBuildPhase section */
		9A7892442B4B8C7000A58A70 /* Frameworks */ = {
			isa = PBXFrameworksBuildPhase;
			buildActionMask = 2147483647;
			files = (
			);
			runOnlyForDeploymentPostprocessing = 0;
		};
/* End PBXFrameworksBuildPhase section */

/* Begin PBXGroup section */
		9A76395A2B5ED5B300E365F9 /* Data */ = {
			isa = PBXGroup;
			children = (
				9ACF82F32B6220D800B2B2D8 /* hazards.csv */,
			);
			path = Data;
			sourceTree = "<group>";
		};
		9A78923E2B4B8C7000A58A70 = {
			isa = PBXGroup;
			children = (
				9A7892492B4B8C7000A58A70 /* EVALabel */,
				9A7892482B4B8C7000A58A70 /* Products */,
			);
			sourceTree = "<group>";
		};
		9A7892482B4B8C7000A58A70 /* Products */ = {
			isa = PBXGroup;
			children = (
				9A7892472B4B8C7000A58A70 /* EVALabel.app */,
			);
			name = Products;
			sourceTree = "<group>";
		};
		9A7892492B4B8C7000A58A70 /* EVALabel */ = {
			isa = PBXGroup;
			children = (
				9A76395A2B5ED5B300E365F9 /* Data */,
				9AA6B22E2B59080000DC8F96 /* Info.plist */,
				9A7BBF3B2B54FF7E00AA3A44 /* ViewModel */,
				9A7BBF3A2B54FF7500AA3A44 /* Model */,
				9A7BBF2E2B510BE000AA3A44 /* View */,
				9A78924A2B4B8C7000A58A70 /* EVALabelApp.swift */,
				9A78924E2B4B8C7300A58A70 /* Assets.xcassets */,
				9A7892502B4B8C7300A58A70 /* Preview Content */,
				9A7BBF342B510DE200AA3A44 /* README.md */,
			);
			path = EVALabel;
			sourceTree = "<group>";
		};
		9A7892502B4B8C7300A58A70 /* Preview Content */ = {
			isa = PBXGroup;
			children = (
				9A7892512B4B8C7300A58A70 /* Preview Assets.xcassets */,
			);
			path = "Preview Content";
			sourceTree = "<group>";
		};
		9A7BBF2E2B510BE000AA3A44 /* View */ = {
			isa = PBXGroup;
			children = (
				9A78924C2B4B8C7000A58A70 /* IntroView.swift */,
				9AD766AB2B4F7C7300AEE275 /* ProfileView.swift */,
				9A7BBF382B54DF0100AA3A44 /* LuminanceTestView.swift */,
				9A7BBF3E2B550B0800AA3A44 /* CameraPreviewView.swift */,
			);
			path = View;
			sourceTree = "<group>";
		};
		9A7BBF3A2B54FF7500AA3A44 /* Model */ = {
			isa = PBXGroup;
			children = (
				9A7BBF402B55215D00AA3A44 /* Camera.swift */,
			);
			path = Model;
			sourceTree = "<group>";
		};
		9A7BBF3B2B54FF7E00AA3A44 /* ViewModel */ = {
			isa = PBXGroup;
			children = (
				9A7BBF3C2B55007B00AA3A44 /* CameraViewModel.swift */,
			);
			path = ViewModel;
			sourceTree = "<group>";
		};
/* End PBXGroup section */

/* Begin PBXNativeTarget section */
		9A7892462B4B8C7000A58A70 /* EVALabel */ = {
			isa = PBXNativeTarget;
			buildConfigurationList = 9A7892552B4B8C7300A58A70 /* Build configuration list for PBXNativeTarget "EVALabel" */;
			buildPhases = (
				9A7892432B4B8C7000A58A70 /* Sources */,
				9A7892442B4B8C7000A58A70 /* Frameworks */,
				9A7892452B4B8C7000A58A70 /* Resources */,
			);
			buildRules = (
			);
			dependencies = (
			);
			name = EVALabel;
			productName = EVALabel;
			productReference = 9A7892472B4B8C7000A58A70 /* EVALabel.app */;
			productType = "com.apple.product-type.application";
		};
/* End PBXNativeTarget section */

/* Begin PBXProject section */
		9A78923F2B4B8C7000A58A70 /* Project object */ = {
			isa = PBXProject;
			attributes = {
				BuildIndependentTargetsInParallel = 1;
				LastSwiftUpdateCheck = 1510;
				LastUpgradeCheck = 1510;
				TargetAttributes = {
					9A7892462B4B8C7000A58A70 = {
						CreatedOnToolsVersion = 15.1;
					};
				};
			};
			buildConfigurationList = 9A7892422B4B8C7000A58A70 /* Build configuration list for PBXProject "EVALabel" */;
			compatibilityVersion = "Xcode 14.0";
			developmentRegion = en;
			hasScannedForEncodings = 0;
			knownRegions = (
				en,
				Base,
			);
			mainGroup = 9A78923E2B4B8C7000A58A70;
			productRefGroup = 9A7892482B4B8C7000A58A70 /* Products */;
			projectDirPath = "";
			projectRoot = "";
			targets = (
				9A7892462B4B8C7000A58A70 /* EVALabel */,
			);
		};
/* End PBXProject section */

/* Begin PBXResourcesBuildPhase section */
		9A7892452B4B8C7000A58A70 /* Resources */ = {
			isa = PBXResourcesBuildPhase;
			buildActionMask = 2147483647;
			files = (
				9A7BBF352B510DE200AA3A44 /* README.md in Resources */,
				9ACF82F42B6220D800B2B2D8 /* hazards.csv in Resources */,
				9A7892522B4B8C7300A58A70 /* Preview Assets.xcassets in Resources */,
				9A78924F2B4B8C7300A58A70 /* Assets.xcassets in Resources */,
			);
			runOnlyForDeploymentPostprocessing = 0;
		};
/* End PBXResourcesBuildPhase section */

/* Begin PBXSourcesBuildPhase section */
		9A7892432B4B8C7000A58A70 /* Sources */ = {
			isa = PBXSourcesBuildPhase;
			buildActionMask = 2147483647;
			files = (
				9A78924D2B4B8C7000A58A70 /* IntroView.swift in Sources */,
				9AD766AC2B4F7C7300AEE275 /* ProfileView.swift in Sources */,
				9A7BBF3F2B550B0800AA3A44 /* CameraPreviewView.swift in Sources */,
				9A78924B2B4B8C7000A58A70 /* EVALabelApp.swift in Sources */,
				9A7BBF3D2B55007B00AA3A44 /* CameraViewModel.swift in Sources */,
				9A7BBF412B55215D00AA3A44 /* Camera.swift in Sources */,
				9A7BBF392B54DF0100AA3A44 /* LuminanceTestView.swift in Sources */,
			);
			runOnlyForDeploymentPostprocessing = 0;
		};
/* End PBXSourcesBuildPhase section */

/* Begin XCBuildConfiguration section */
		9A7892532B4B8C7300A58A70 /* Debug */ = {
			isa = XCBuildConfiguration;
			buildSettings = {
				ALWAYS_SEARCH_USER_PATHS = NO;
				ASSETCATALOG_COMPILER_GENERATE_SWIFT_ASSET_SYMBOL_EXTENSIONS = YES;
				CLANG_ANALYZER_NONNULL = YES;
				CLANG_ANALYZER_NUMBER_OBJECT_CONVERSION = YES_AGGRESSIVE;
				CLANG_CXX_LANGUAGE_STANDARD = "gnu++20";
				CLANG_ENABLE_MODULES = YES;
				CLANG_ENABLE_OBJC_ARC = YES;
				CLANG_ENABLE_OBJC_WEAK = YES;
				CLANG_WARN_BLOCK_CAPTURE_AUTORELEASING = YES;
				CLANG_WARN_BOOL_CONVERSION = YES;
				CLANG_WARN_COMMA = YES;
				CLANG_WARN_CONSTANT_CONVERSION = YES;
				CLANG_WARN_DEPRECATED_OBJC_IMPLEMENTATIONS = YES;
				CLANG_WARN_DIRECT_OBJC_ISA_USAGE = YES_ERROR;
				CLANG_WARN_DOCUMENTATION_COMMENTS = YES;
				CLANG_WARN_EMPTY_BODY = YES;
				CLANG_WARN_ENUM_CONVERSION = YES;
				CLANG_WARN_INFINITE_RECURSION = YES;
				CLANG_WARN_INT_CONVERSION = YES;
				CLANG_WARN_NON_LITERAL_NULL_CONVERSION = YES;
				CLANG_WARN_OBJC_IMPLICIT_RETAIN_SELF = YES;
				CLANG_WARN_OBJC_LITERAL_CONVERSION = YES;
				CLANG_WARN_OBJC_ROOT_CLASS = YES_ERROR;
				CLANG_WARN_QUOTED_INCLUDE_IN_FRAMEWORK_HEADER = YES;
				CLANG_WARN_RANGE_LOOP_ANALYSIS = YES;
				CLANG_WARN_STRICT_PROTOTYPES = YES;
				CLANG_WARN_SUSPICIOUS_MOVE = YES;
				CLANG_WARN_UNGUARDED_AVAILABILITY = YES_AGGRESSIVE;
				CLANG_WARN_UNREACHABLE_CODE = YES;
				CLANG_WARN__DUPLICATE_METHOD_MATCH = YES;
				COPY_PHASE_STRIP = NO;
				DEBUG_INFORMATION_FORMAT = dwarf;
				ENABLE_STRICT_OBJC_MSGSEND = YES;
				ENABLE_TESTABILITY = YES;
				ENABLE_USER_SCRIPT_SANDBOXING = YES;
				GCC_C_LANGUAGE_STANDARD = gnu17;
				GCC_DYNAMIC_NO_PIC = NO;
				GCC_NO_COMMON_BLOCKS = YES;
				GCC_OPTIMIZATION_LEVEL = 0;
				GCC_PREPROCESSOR_DEFINITIONS = (
					"DEBUG=1",
					"$(inherited)",
				);
				GCC_WARN_64_TO_32_BIT_CONVERSION = YES;
				GCC_WARN_ABOUT_RETURN_TYPE = YES_ERROR;
				GCC_WARN_UNDECLARED_SELECTOR = YES;
				GCC_WARN_UNINITIALIZED_AUTOS = YES_AGGRESSIVE;
				GCC_WARN_UNUSED_FUNCTION = YES;
				GCC_WARN_UNUSED_VARIABLE = YES;
				IPHONEOS_DEPLOYMENT_TARGET = 17.2;
				LOCALIZATION_PREFERS_STRING_CATALOGS = YES;
				MTL_ENABLE_DEBUG_INFO = INCLUDE_SOURCE;
				MTL_FAST_MATH = YES;
				ONLY_ACTIVE_ARCH = YES;
				SDKROOT = iphoneos;
				SWIFT_ACTIVE_COMPILATION_CONDITIONS = "DEBUG $(inherited)";
				SWIFT_OPTIMIZATION_LEVEL = "-Onone";
			};
			name = Debug;
		};
		9A7892542B4B8C7300A58A70 /* Release */ = {
			isa = XCBuildConfiguration;
			buildSettings = {
				ALWAYS_SEARCH_USER_PATHS = NO;
				ASSETCATALOG_COMPILER_GENERATE_SWIFT_ASSET_SYMBOL_EXTENSIONS = YES;
				CLANG_ANALYZER_NONNULL = YES;
				CLANG_ANALYZER_NUMBER_OBJECT_CONVERSION = YES_AGGRESSIVE;
				CLANG_CXX_LANGUAGE_STANDARD = "gnu++20";
				CLANG_ENABLE_MODULES = YES;
				CLANG_ENABLE_OBJC_ARC = YES;
				CLANG_ENABLE_OBJC_WEAK = YES;
				CLANG_WARN_BLOCK_CAPTURE_AUTORELEASING = YES;
				CLANG_WARN_BOOL_CONVERSION = YES;
				CLANG_WARN_COMMA = YES;
				CLANG_WARN_CONSTANT_CONVERSION = YES;
				CLANG_WARN_DEPRECATED_OBJC_IMPLEMENTATIONS = YES;
				CLANG_WARN_DIRECT_OBJC_ISA_USAGE = YES_ERROR;
				CLANG_WARN_DOCUMENTATION_COMMENTS = YES;
				CLANG_WARN_EMPTY_BODY = YES;
				CLANG_WARN_ENUM_CONVERSION = YES;
				CLANG_WARN_INFINITE_RECURSION = YES;
				CLANG_WARN_INT_CONVERSION = YES;
				CLANG_WARN_NON_LITERAL_NULL_CONVERSION = YES;
				CLANG_WARN_OBJC_IMPLICIT_RETAIN_SELF = YES;
				CLANG_WARN_OBJC_LITERAL_CONVERSION = YES;
				CLANG_WARN_OBJC_ROOT_CLASS = YES_ERROR;
				CLANG_WARN_QUOTED_INCLUDE_IN_FRAMEWORK_HEADER = YES;
				CLANG_WARN_RANGE_LOOP_ANALYSIS = YES;
				CLANG_WARN_STRICT_PROTOTYPES = YES;
				CLANG_WARN_SUSPICIOUS_MOVE = YES;
				CLANG_WARN_UNGUARDED_AVAILABILITY = YES_AGGRESSIVE;
				CLANG_WARN_UNREACHABLE_CODE = YES;
				CLANG_WARN__DUPLICATE_METHOD_MATCH = YES;
				COPY_PHASE_STRIP = NO;
				DEBUG_INFORMATION_FORMAT = "dwarf-with-dsym";
				ENABLE_NS_ASSERTIONS = NO;
				ENABLE_STRICT_OBJC_MSGSEND = YES;
				ENABLE_USER_SCRIPT_SANDBOXING = YES;
				GCC_C_LANGUAGE_STANDARD = gnu17;
				GCC_NO_COMMON_BLOCKS = YES;
				GCC_WARN_64_TO_32_BIT_CONVERSION = YES;
				GCC_WARN_ABOUT_RETURN_TYPE = YES_ERROR;
				GCC_WARN_UNDECLARED_SELECTOR = YES;
				GCC_WARN_UNINITIALIZED_AUTOS = YES_AGGRESSIVE;
				GCC_WARN_UNUSED_FUNCTION = YES;
				GCC_WARN_UNUSED_VARIABLE = YES;
				IPHONEOS_DEPLOYMENT_TARGET = 17.2;
				LOCALIZATION_PREFERS_STRING_CATALOGS = YES;
				MTL_ENABLE_DEBUG_INFO = NO;
				MTL_FAST_MATH = YES;
				SDKROOT = iphoneos;
				SWIFT_COMPILATION_MODE = wholemodule;
				VALIDATE_PRODUCT = YES;
			};
			name = Release;
		};
		9A7892562B4B8C7300A58A70 /* Debug */ = {
			isa = XCBuildConfiguration;
			buildSettings = {
				ASSETCATALOG_COMPILER_APPICON_NAME = AppIcon;
				ASSETCATALOG_COMPILER_GLOBAL_ACCENT_COLOR_NAME = AccentColor;
				CODE_SIGN_STYLE = Automatic;
				CURRENT_PROJECT_VERSION = 1;
				DEVELOPMENT_ASSET_PATHS = "\"EVALabel/Preview Content\"";
				DEVELOPMENT_TEAM = 7FVZRD6K74;
				ENABLE_PREVIEWS = YES;
				GENERATE_INFOPLIST_FILE = YES;
				INFOPLIST_FILE = EVALabel/Info.plist;
				INFOPLIST_KEY_LSApplicationCategoryType = "public.app-category.education";
				INFOPLIST_KEY_NSCameraUsageDescription = "Grant acess to Camera";
				INFOPLIST_KEY_NSPhotoLibraryAddUsageDescription = "";
				INFOPLIST_KEY_UIApplicationSceneManifest_Generation = YES;
				INFOPLIST_KEY_UIApplicationSupportsIndirectInputEvents = YES;
				INFOPLIST_KEY_UILaunchScreen_Generation = YES;
				INFOPLIST_KEY_UISupportedInterfaceOrientations = UIInterfaceOrientationPortrait;
				IPHONEOS_DEPLOYMENT_TARGET = 16.6;
				LD_RUNPATH_SEARCH_PATHS = (
					"$(inherited)",
					"@executable_path/Frameworks",
				);
				MARKETING_VERSION = 1.0;
				PRODUCT_BUNDLE_IDENTIFIER = EVA.EVALabel;
				PRODUCT_NAME = "$(TARGET_NAME)";
				SUPPORTED_PLATFORMS = "iphoneos iphonesimulator";
				SUPPORTS_MACCATALYST = NO;
				SUPPORTS_MAC_DESIGNED_FOR_IPHONE_IPAD = NO;
				SUPPORTS_XR_DESIGNED_FOR_IPHONE_IPAD = NO;
				SWIFT_EMIT_LOC_STRINGS = YES;
				SWIFT_VERSION = 5.0;
				TARGETED_DEVICE_FAMILY = 1;
			};
			name = Debug;
		};
		9A7892572B4B8C7300A58A70 /* Release */ = {
			isa = XCBuildConfiguration;
			buildSettings = {
				ASSETCATALOG_COMPILER_APPICON_NAME = AppIcon;
				ASSETCATALOG_COMPILER_GLOBAL_ACCENT_COLOR_NAME = AccentColor;
				CODE_SIGN_STYLE = Automatic;
				CURRENT_PROJECT_VERSION = 1;
				DEVELOPMENT_ASSET_PATHS = "\"EVALabel/Preview Content\"";
				DEVELOPMENT_TEAM = 7FVZRD6K74;
				ENABLE_PREVIEWS = YES;
				GENERATE_INFOPLIST_FILE = YES;
				INFOPLIST_FILE = EVALabel/Info.plist;
				INFOPLIST_KEY_LSApplicationCategoryType = "public.app-category.education";
				INFOPLIST_KEY_NSCameraUsageDescription = "Grant acess to Camera";
				INFOPLIST_KEY_NSPhotoLibraryAddUsageDescription = "";
				INFOPLIST_KEY_UIApplicationSceneManifest_Generation = YES;
				INFOPLIST_KEY_UIApplicationSupportsIndirectInputEvents = YES;
				INFOPLIST_KEY_UILaunchScreen_Generation = YES;
				INFOPLIST_KEY_UISupportedInterfaceOrientations = UIInterfaceOrientationPortrait;
				IPHONEOS_DEPLOYMENT_TARGET = 16.6;
				LD_RUNPATH_SEARCH_PATHS = (
					"$(inherited)",
					"@executable_path/Frameworks",
				);
				MARKETING_VERSION = 1.0;
				PRODUCT_BUNDLE_IDENTIFIER = EVA.EVALabel;
				PRODUCT_NAME = "$(TARGET_NAME)";
				SUPPORTED_PLATFORMS = "iphoneos iphonesimulator";
				SUPPORTS_MACCATALYST = NO;
				SUPPORTS_MAC_DESIGNED_FOR_IPHONE_IPAD = NO;
				SUPPORTS_XR_DESIGNED_FOR_IPHONE_IPAD = NO;
				SWIFT_EMIT_LOC_STRINGS = YES;
				SWIFT_VERSION = 5.0;
				TARGETED_DEVICE_FAMILY = 1;
			};
			name = Release;
		};
/* End XCBuildConfiguration section */

/* Begin XCConfigurationList section */
		9A7892422B4B8C7000A58A70 /* Build configuration list for PBXProject "EVALabel" */ = {
			isa = XCConfigurationList;
			buildConfigurations = (
				9A7892532B4B8C7300A58A70 /* Debug */,
				9A7892542B4B8C7300A58A70 /* Release */,
			);
			defaultConfigurationIsVisible = 0;
			defaultConfigurationName = Release;
		};
		9A7892552B4B8C7300A58A70 /* Build configuration list for PBXNativeTarget "EVALabel" */ = {
			isa = XCConfigurationList;
			buildConfigurations = (
				9A7892562B4B8C7300A58A70 /* Debug */,
				9A7892572B4B8C7300A58A70 /* Release */,
			);
			defaultConfigurationIsVisible = 0;
			defaultConfigurationName = Release;
		};
/* End XCConfigurationList section */
	};
	rootObject = 9A78923F2B4B8C7000A58A70 /* Project object */;
}
